
Microsoft Visual Studio Solution File, Format Version 12.00
# Visual Studio Version 16
VisualStudioVersion = 16.0.30717.126
MinimumVisualStudioVersion = 10.0.40219.1
Project("{8BC9CEB8-8B4A-11D0-8D11-00A0C91BC942}") = "Sandbox", "Sandbox\Sandbox.vcxproj", "{62DF2415-F18D-48D0-A150-C6B73877699C}"
EndProject
Project("{8BC9CEB8-8B4A-11D0-8D11-00A0C91BC942}") = "Engine", "Engine\Engine.vcxproj", "{07D56D00-C304-483F-B49C-A8F37E5ACE83}"
EndProject
Global
	GlobalSection(SolutionConfigurationPlatforms) = preSolution
		Debug|x64 = Debug|x64
		Release|x64 = Release|x64
	EndGlobalSection
	GlobalSection(ProjectConfigurationPlatforms) = postSolution
		{62DF2415-F18D-48D0-A150-C6B73877699C}.Debug|x64.ActiveCfg = Debug|x64
		{62DF2415-F18D-48D0-A150-C6B73877699C}.Debug|x64.Build.0 = Debug|x64
		{62DF2415-F18D-48D0-A150-C6B73877699C}.Release|x64.ActiveCfg = Release|x64
		{62DF2415-F18D-48D0-A150-C6B73877699C}.Release|x64.Build.0 = Release|x64
		{07D56D00-C304-483F-B49C-A8F37E5ACE83}.Debug|x64.ActiveCfg = Debug|x64
		{07D56D00-C304-483F-B49C-A8F37E5ACE83}.Debug|x64.Build.0 = Debug|x64
		{07D56D00-C304-483F-B49C-A8F37E5ACE83}.Release|x64.ActiveCfg = Release|x64
		{07D56D00-C304-483F-B49C-A8F37E5ACE83}.Release|x64.Build.0 = Release|x64
	EndGlobalSection
	GlobalSection(SolutionProperties) = preSolution
		HideSolutionNode = FALSE
	EndGlobalSection
	GlobalSection(ExtensibilityGlobals) = postSolution
		SolutionGuid = {2AFF3247-E71E-43B1-8673-34789EFD373A}
	EndGlobalSection
EndGlobal
